
Microsoft Visual Studio Solution File, Format Version 12.00
# Visual Studio Version 17
VisualStudioVersion = 17.1.32210.238
MinimumVisualStudioVersion = 10.0.40219.1
Project("{FAE04EC0-301F-11D3-BF4B-00C04F79EFBC}") = "WebApplication6", "WebApplication6.csproj", "{A2DBEB41-B1E6-4998-AC19-89C17CA5B7F8}"
EndProject
Global
	GlobalSection(SolutionConfigurationPlatforms) = preSolution
		Debug|Any CPU = Debug|Any CPU
		Release|Any CPU = Release|Any CPU
	EndGlobalSection
	GlobalSection(ProjectConfigurationPlatforms) = postSolution
		{A2DBEB41-B1E6-4998-AC19-89C17CA5B7F8}.Debug|Any CPU.ActiveCfg = Debug|Any CPU
		{A2DBEB41-B1E6-4998-AC19-89C17CA5B7F8}.Debug|Any CPU.Build.0 = Debug|Any CPU
		{A2DBEB41-B1E6-4998-AC19-89C17CA5B7F8}.Release|Any CPU.ActiveCfg = Release|Any CPU
		{A2DBEB41-B1E6-4998-AC19-89C17CA5B7F8}.Release|Any CPU.Build.0 = Release|Any CPU
	EndGlobalSection
	GlobalSection(SolutionProperties) = preSolution
		HideSolutionNode = FALSE
	EndGlobalSection
	GlobalSection(ExtensibilityGlobals) = postSolution
		SolutionGuid = {C325B368-8CEC-4F34-9496-8F27A3CBD7C1}
	EndGlobalSection
EndGlobal
