
Microsoft Visual Studio Solution File, Format Version 12.00
# Visual Studio Version 17
VisualStudioVersion = 17.1.32210.238
MinimumVisualStudioVersion = 10.0.40219.1
Project("{FAE04EC0-301F-11D3-BF4B-00C04F79EFBC}") = "FirstProject", "FirstProject\FirstProject.csproj", "{C8EAD63B-DD33-4325-870F-E4409E4057C9}"
EndProject
Global
	GlobalSection(SolutionConfigurationPlatforms) = preSolution
		Debug|Any CPU = Debug|Any CPU
		Release|Any CPU = Release|Any CPU
	EndGlobalSection
	GlobalSection(ProjectConfigurationPlatforms) = postSolution
		{C8EAD63B-DD33-4325-870F-E4409E4057C9}.Debug|Any CPU.ActiveCfg = Debug|Any CPU
		{C8EAD63B-DD33-4325-870F-E4409E4057C9}.Debug|Any CPU.Build.0 = Debug|Any CPU
		{C8EAD63B-DD33-4325-870F-E4409E4057C9}.Release|Any CPU.ActiveCfg = Release|Any CPU
		{C8EAD63B-DD33-4325-870F-E4409E4057C9}.Release|Any CPU.Build.0 = Release|Any CPU
	EndGlobalSection
	GlobalSection(SolutionProperties) = preSolution
		HideSolutionNode = FALSE
	EndGlobalSection
	GlobalSection(ExtensibilityGlobals) = postSolution
		SolutionGuid = {673F017A-1BA5-49B5-82DB-57B20B62645D}
	EndGlobalSection
EndGlobal
