
Microsoft Visual Studio Solution File, Format Version 12.00
# Visual Studio Version 17
VisualStudioVersion = 17.1.32210.238
MinimumVisualStudioVersion = 10.0.40219.1
Project("{FAE04EC0-301F-11D3-BF4B-00C04F79EFBC}") = "WebApplication4", "WebApplication4.csproj", "{25DCCD89-5D9E-4B20-B6D4-C3F1505543C5}"
EndProject
Global
	GlobalSection(SolutionConfigurationPlatforms) = preSolution
		Debug|Any CPU = Debug|Any CPU
		Release|Any CPU = Release|Any CPU
	EndGlobalSection
	GlobalSection(ProjectConfigurationPlatforms) = postSolution
		{25DCCD89-5D9E-4B20-B6D4-C3F1505543C5}.Debug|Any CPU.ActiveCfg = Debug|Any CPU
		{25DCCD89-5D9E-4B20-B6D4-C3F1505543C5}.Debug|Any CPU.Build.0 = Debug|Any CPU
		{25DCCD89-5D9E-4B20-B6D4-C3F1505543C5}.Release|Any CPU.ActiveCfg = Release|Any CPU
		{25DCCD89-5D9E-4B20-B6D4-C3F1505543C5}.Release|Any CPU.Build.0 = Release|Any CPU
	EndGlobalSection
	GlobalSection(SolutionProperties) = preSolution
		HideSolutionNode = FALSE
	EndGlobalSection
	GlobalSection(ExtensibilityGlobals) = postSolution
		SolutionGuid = {E4A90D16-FF58-4FF1-9D38-CF152F680673}
	EndGlobalSection
EndGlobal
