
Microsoft Visual Studio Solution File, Format Version 12.00
# Visual Studio Version 17
VisualStudioVersion = 17.1.32210.238
MinimumVisualStudioVersion = 10.0.40219.1
Project("{FAE04EC0-301F-11D3-BF4B-00C04F79EFBC}") = "Task 2 18 3", "Task 2 18 3\Task 2 18 3.csproj", "{EFEE14BE-08D1-416D-8ED6-270E7432B75B}"
EndProject
Global
	GlobalSection(SolutionConfigurationPlatforms) = preSolution
		Debug|Any CPU = Debug|Any CPU
		Release|Any CPU = Release|Any CPU
	EndGlobalSection
	GlobalSection(ProjectConfigurationPlatforms) = postSolution
		{EFEE14BE-08D1-416D-8ED6-270E7432B75B}.Debug|Any CPU.ActiveCfg = Debug|Any CPU
		{EFEE14BE-08D1-416D-8ED6-270E7432B75B}.Debug|Any CPU.Build.0 = Debug|Any CPU
		{EFEE14BE-08D1-416D-8ED6-270E7432B75B}.Release|Any CPU.ActiveCfg = Release|Any CPU
		{EFEE14BE-08D1-416D-8ED6-270E7432B75B}.Release|Any CPU.Build.0 = Release|Any CPU
	EndGlobalSection
	GlobalSection(SolutionProperties) = preSolution
		HideSolutionNode = FALSE
	EndGlobalSection
	GlobalSection(ExtensibilityGlobals) = postSolution
		SolutionGuid = {E8F3D2B9-05E4-4ADB-8F9A-58E31CB16423}
	EndGlobalSection
EndGlobal
