
Microsoft Visual Studio Solution File, Format Version 12.00
# Visual Studio Version 17
VisualStudioVersion = 17.1.32210.238
MinimumVisualStudioVersion = 10.0.40219.1
Project("{FAE04EC0-301F-11D3-BF4B-00C04F79EFBC}") = "WebApplication3", "WebApplication3.csproj", "{185DD494-43EB-44D2-909B-5BA62628C60D}"
EndProject
Global
	GlobalSection(SolutionConfigurationPlatforms) = preSolution
		Debug|Any CPU = Debug|Any CPU
		Release|Any CPU = Release|Any CPU
	EndGlobalSection
	GlobalSection(ProjectConfigurationPlatforms) = postSolution
		{185DD494-43EB-44D2-909B-5BA62628C60D}.Debug|Any CPU.ActiveCfg = Debug|Any CPU
		{185DD494-43EB-44D2-909B-5BA62628C60D}.Debug|Any CPU.Build.0 = Debug|Any CPU
		{185DD494-43EB-44D2-909B-5BA62628C60D}.Release|Any CPU.ActiveCfg = Release|Any CPU
		{185DD494-43EB-44D2-909B-5BA62628C60D}.Release|Any CPU.Build.0 = Release|Any CPU
	EndGlobalSection
	GlobalSection(SolutionProperties) = preSolution
		HideSolutionNode = FALSE
	EndGlobalSection
	GlobalSection(ExtensibilityGlobals) = postSolution
		SolutionGuid = {AF7F1DDF-DA27-46B5-B613-4C3E4744EEA3}
	EndGlobalSection
EndGlobal
