
Microsoft Visual Studio Solution File, Format Version 12.00
# Visual Studio Version 17
VisualStudioVersion = 17.1.32210.238
MinimumVisualStudioVersion = 10.0.40219.1
Project("{FAE04EC0-301F-11D3-BF4B-00C04F79EFBC}") = "Day 2", "Day 2\Day 2.csproj", "{547190A5-5FF3-4927-99B2-381CE9EDD27D}"
EndProject
Global
	GlobalSection(SolutionConfigurationPlatforms) = preSolution
		Debug|Any CPU = Debug|Any CPU
		Release|Any CPU = Release|Any CPU
	EndGlobalSection
	GlobalSection(ProjectConfigurationPlatforms) = postSolution
		{547190A5-5FF3-4927-99B2-381CE9EDD27D}.Debug|Any CPU.ActiveCfg = Debug|Any CPU
		{547190A5-5FF3-4927-99B2-381CE9EDD27D}.Debug|Any CPU.Build.0 = Debug|Any CPU
		{547190A5-5FF3-4927-99B2-381CE9EDD27D}.Release|Any CPU.ActiveCfg = Release|Any CPU
		{547190A5-5FF3-4927-99B2-381CE9EDD27D}.Release|Any CPU.Build.0 = Release|Any CPU
	EndGlobalSection
	GlobalSection(SolutionProperties) = preSolution
		HideSolutionNode = FALSE
	EndGlobalSection
	GlobalSection(ExtensibilityGlobals) = postSolution
		SolutionGuid = {919EA33A-F59C-4310-8053-8ACA161CF87A}
	EndGlobalSection
EndGlobal
