
Microsoft Visual Studio Solution File, Format Version 12.00
# Visual Studio Version 17
VisualStudioVersion = 17.1.32210.238
MinimumVisualStudioVersion = 10.0.40219.1
Project("{FAE04EC0-301F-11D3-BF4B-00C04F79EFBC}") = "connectdatabase", "connectdatabase\connectdatabase.csproj", "{A8415F0D-CF6D-4E94-B30B-3E2912504E9B}"
EndProject
Global
	GlobalSection(SolutionConfigurationPlatforms) = preSolution
		Debug|Any CPU = Debug|Any CPU
		Release|Any CPU = Release|Any CPU
	EndGlobalSection
	GlobalSection(ProjectConfigurationPlatforms) = postSolution
		{A8415F0D-CF6D-4E94-B30B-3E2912504E9B}.Debug|Any CPU.ActiveCfg = Debug|Any CPU
		{A8415F0D-CF6D-4E94-B30B-3E2912504E9B}.Debug|Any CPU.Build.0 = Debug|Any CPU
		{A8415F0D-CF6D-4E94-B30B-3E2912504E9B}.Release|Any CPU.ActiveCfg = Release|Any CPU
		{A8415F0D-CF6D-4E94-B30B-3E2912504E9B}.Release|Any CPU.Build.0 = Release|Any CPU
	EndGlobalSection
	GlobalSection(SolutionProperties) = preSolution
		HideSolutionNode = FALSE
	EndGlobalSection
	GlobalSection(ExtensibilityGlobals) = postSolution
		SolutionGuid = {2C926417-6B5E-4192-8055-92A95805BC26}
	EndGlobalSection
EndGlobal
